
Microsoft Visual Studio Solution File, Format Version 12.00
# Visual Studio Version 16
VisualStudioVersion = 16.0.29911.84
MinimumVisualStudioVersion = 10.0.40219.1
Project("{FAE04EC0-301F-11D3-BF4B-00C04F79EFBC}") = "Ejercicio 11", "Ejercicio 11\Ejercicio 11.csproj", "{F009CFE4-07F0-42EA-BBD7-0C7F264768EA}"
EndProject
Project("{FAE04EC0-301F-11D3-BF4B-00C04F79EFBC}") = "Ejercicio 12", "Ejercicio 12\Ejercicio 12.csproj", "{ECB97A58-83D0-41AA-A37F-A85FB78D58BE}"
EndProject
Project("{FAE04EC0-301F-11D3-BF4B-00C04F79EFBC}") = "Ejercicio 13", "Ejercicio 13\Ejercicio 13.csproj", "{4CBB9DBD-B8EE-489D-84C5-691125A8DF51}"
EndProject
Project("{FAE04EC0-301F-11D3-BF4B-00C04F79EFBC}") = "Ejercicio 14", "Ejercicio 14\Ejercicio 14.csproj", "{05100225-829F-44C8-BBA1-F51A00C739D5}"
EndProject
Project("{FAE04EC0-301F-11D3-BF4B-00C04F79EFBC}") = "Ejercicio 15", "Ejercicio 15\Ejercicio 15.csproj", "{30B8D6C1-3717-4211-B826-9CCC3F31C424}"
EndProject
Global
	GlobalSection(SolutionConfigurationPlatforms) = preSolution
		Debug|Any CPU = Debug|Any CPU
		Release|Any CPU = Release|Any CPU
	EndGlobalSection
	GlobalSection(ProjectConfigurationPlatforms) = postSolution
		{F009CFE4-07F0-42EA-BBD7-0C7F264768EA}.Debug|Any CPU.ActiveCfg = Debug|Any CPU
		{F009CFE4-07F0-42EA-BBD7-0C7F264768EA}.Debug|Any CPU.Build.0 = Debug|Any CPU
		{F009CFE4-07F0-42EA-BBD7-0C7F264768EA}.Release|Any CPU.ActiveCfg = Release|Any CPU
		{F009CFE4-07F0-42EA-BBD7-0C7F264768EA}.Release|Any CPU.Build.0 = Release|Any CPU
		{ECB97A58-83D0-41AA-A37F-A85FB78D58BE}.Debug|Any CPU.ActiveCfg = Debug|Any CPU
		{ECB97A58-83D0-41AA-A37F-A85FB78D58BE}.Debug|Any CPU.Build.0 = Debug|Any CPU
		{ECB97A58-83D0-41AA-A37F-A85FB78D58BE}.Release|Any CPU.ActiveCfg = Release|Any CPU
		{ECB97A58-83D0-41AA-A37F-A85FB78D58BE}.Release|Any CPU.Build.0 = Release|Any CPU
		{4CBB9DBD-B8EE-489D-84C5-691125A8DF51}.Debug|Any CPU.ActiveCfg = Debug|Any CPU
		{4CBB9DBD-B8EE-489D-84C5-691125A8DF51}.Debug|Any CPU.Build.0 = Debug|Any CPU
		{4CBB9DBD-B8EE-489D-84C5-691125A8DF51}.Release|Any CPU.ActiveCfg = Release|Any CPU
		{4CBB9DBD-B8EE-489D-84C5-691125A8DF51}.Release|Any CPU.Build.0 = Release|Any CPU
		{05100225-829F-44C8-BBA1-F51A00C739D5}.Debug|Any CPU.ActiveCfg = Debug|Any CPU
		{05100225-829F-44C8-BBA1-F51A00C739D5}.Debug|Any CPU.Build.0 = Debug|Any CPU
		{05100225-829F-44C8-BBA1-F51A00C739D5}.Release|Any CPU.ActiveCfg = Release|Any CPU
		{05100225-829F-44C8-BBA1-F51A00C739D5}.Release|Any CPU.Build.0 = Release|Any CPU
		{30B8D6C1-3717-4211-B826-9CCC3F31C424}.Debug|Any CPU.ActiveCfg = Debug|Any CPU
		{30B8D6C1-3717-4211-B826-9CCC3F31C424}.Debug|Any CPU.Build.0 = Debug|Any CPU
		{30B8D6C1-3717-4211-B826-9CCC3F31C424}.Release|Any CPU.ActiveCfg = Release|Any CPU
		{30B8D6C1-3717-4211-B826-9CCC3F31C424}.Release|Any CPU.Build.0 = Release|Any CPU
	EndGlobalSection
	GlobalSection(SolutionProperties) = preSolution
		HideSolutionNode = FALSE
	EndGlobalSection
	GlobalSection(ExtensibilityGlobals) = postSolution
		SolutionGuid = {5C940E44-A65A-4C8D-A8DF-F405910C1506}
	EndGlobalSection
EndGlobal
