
Microsoft Visual Studio Solution File, Format Version 12.00
# Visual Studio Version 16
VisualStudioVersion = 16.0.30011.22
MinimumVisualStudioVersion = 10.0.40219.1
Project("{FAE04EC0-301F-11D3-BF4B-00C04F79EFBC}") = "Ejercicio 48", "Ejercicio 48\Ejercicio 48.csproj", "{65B78455-E938-42FE-AB08-22C8C79A4538}"
EndProject
Project("{FAE04EC0-301F-11D3-BF4B-00C04F79EFBC}") = "Entidades", "Entidades\Entidades.csproj", "{C645D049-7D16-4D59-889D-0E4ED313E686}"
EndProject
Global
	GlobalSection(SolutionConfigurationPlatforms) = preSolution
		Debug|Any CPU = Debug|Any CPU
		Release|Any CPU = Release|Any CPU
	EndGlobalSection
	GlobalSection(ProjectConfigurationPlatforms) = postSolution
		{65B78455-E938-42FE-AB08-22C8C79A4538}.Debug|Any CPU.ActiveCfg = Debug|Any CPU
		{65B78455-E938-42FE-AB08-22C8C79A4538}.Debug|Any CPU.Build.0 = Debug|Any CPU
		{65B78455-E938-42FE-AB08-22C8C79A4538}.Release|Any CPU.ActiveCfg = Release|Any CPU
		{65B78455-E938-42FE-AB08-22C8C79A4538}.Release|Any CPU.Build.0 = Release|Any CPU
		{C645D049-7D16-4D59-889D-0E4ED313E686}.Debug|Any CPU.ActiveCfg = Debug|Any CPU
		{C645D049-7D16-4D59-889D-0E4ED313E686}.Debug|Any CPU.Build.0 = Debug|Any CPU
		{C645D049-7D16-4D59-889D-0E4ED313E686}.Release|Any CPU.ActiveCfg = Release|Any CPU
		{C645D049-7D16-4D59-889D-0E4ED313E686}.Release|Any CPU.Build.0 = Release|Any CPU
	EndGlobalSection
	GlobalSection(SolutionProperties) = preSolution
		HideSolutionNode = FALSE
	EndGlobalSection
	GlobalSection(ExtensibilityGlobals) = postSolution
		SolutionGuid = {B641F7AB-AF4E-4FCC-98FB-5D7AAA26194E}
	EndGlobalSection
EndGlobal
