
Microsoft Visual Studio Solution File, Format Version 12.00
# Visual Studio Version 16
VisualStudioVersion = 16.0.30011.22
MinimumVisualStudioVersion = 10.0.40219.1
Project("{FAE04EC0-301F-11D3-BF4B-00C04F79EFBC}") = "CentralTelefonicaForm", "CentralTelefonicaForm\CentralTelefonicaForm.csproj", "{2FDD125E-E704-41AB-82EE-36F2A3560A31}"
EndProject
Project("{FAE04EC0-301F-11D3-BF4B-00C04F79EFBC}") = "CentralitaHerencia", "CentralitaHerencia\CentralitaHerencia.csproj", "{5FD91917-7945-495C-96E2-0BF37FB61B68}"
EndProject
Global
	GlobalSection(SolutionConfigurationPlatforms) = preSolution
		Debug|Any CPU = Debug|Any CPU
		Release|Any CPU = Release|Any CPU
	EndGlobalSection
	GlobalSection(ProjectConfigurationPlatforms) = postSolution
		{2FDD125E-E704-41AB-82EE-36F2A3560A31}.Debug|Any CPU.ActiveCfg = Debug|Any CPU
		{2FDD125E-E704-41AB-82EE-36F2A3560A31}.Debug|Any CPU.Build.0 = Debug|Any CPU
		{2FDD125E-E704-41AB-82EE-36F2A3560A31}.Release|Any CPU.ActiveCfg = Release|Any CPU
		{2FDD125E-E704-41AB-82EE-36F2A3560A31}.Release|Any CPU.Build.0 = Release|Any CPU
		{5FD91917-7945-495C-96E2-0BF37FB61B68}.Debug|Any CPU.ActiveCfg = Debug|Any CPU
		{5FD91917-7945-495C-96E2-0BF37FB61B68}.Debug|Any CPU.Build.0 = Debug|Any CPU
		{5FD91917-7945-495C-96E2-0BF37FB61B68}.Release|Any CPU.ActiveCfg = Release|Any CPU
		{5FD91917-7945-495C-96E2-0BF37FB61B68}.Release|Any CPU.Build.0 = Release|Any CPU
	EndGlobalSection
	GlobalSection(SolutionProperties) = preSolution
		HideSolutionNode = FALSE
	EndGlobalSection
	GlobalSection(ExtensibilityGlobals) = postSolution
		SolutionGuid = {FC85C551-1E0F-43E0-BF21-16C2A36CEEA6}
	EndGlobalSection
EndGlobal
