
Microsoft Visual Studio Solution File, Format Version 12.00
# Visual Studio Version 16
VisualStudioVersion = 16.0.30011.22
MinimumVisualStudioVersion = 10.0.40219.1
Project("{FAE04EC0-301F-11D3-BF4B-00C04F79EFBC}") = "CentralitaHerencia", "CentralitaHerencia\CentralitaHerencia.csproj", "{5FD91917-7945-495C-96E2-0BF37FB61B68}"
EndProject
Project("{FAE04EC0-301F-11D3-BF4B-00C04F79EFBC}") = "CentralTelefonicaForm", "CentralTelefonicaForm\CentralTelefonicaForm.csproj", "{2FDD125E-E704-41AB-82EE-36F2A3560A31}"
EndProject
Project("{FAE04EC0-301F-11D3-BF4B-00C04F79EFBC}") = "TestUnitario Ej44", "TestUnitario Ej44\TestUnitario Ej44.csproj", "{75A7F5F3-2E65-4F02-B9C1-13DEBF4A8659}"
EndProject
Global
	GlobalSection(SolutionConfigurationPlatforms) = preSolution
		Debug|Any CPU = Debug|Any CPU
		Release|Any CPU = Release|Any CPU
	EndGlobalSection
	GlobalSection(ProjectConfigurationPlatforms) = postSolution
		{5FD91917-7945-495C-96E2-0BF37FB61B68}.Debug|Any CPU.ActiveCfg = Debug|Any CPU
		{5FD91917-7945-495C-96E2-0BF37FB61B68}.Debug|Any CPU.Build.0 = Debug|Any CPU
		{5FD91917-7945-495C-96E2-0BF37FB61B68}.Release|Any CPU.ActiveCfg = Release|Any CPU
		{5FD91917-7945-495C-96E2-0BF37FB61B68}.Release|Any CPU.Build.0 = Release|Any CPU
		{2FDD125E-E704-41AB-82EE-36F2A3560A31}.Debug|Any CPU.ActiveCfg = Debug|Any CPU
		{2FDD125E-E704-41AB-82EE-36F2A3560A31}.Debug|Any CPU.Build.0 = Debug|Any CPU
		{2FDD125E-E704-41AB-82EE-36F2A3560A31}.Release|Any CPU.ActiveCfg = Release|Any CPU
		{2FDD125E-E704-41AB-82EE-36F2A3560A31}.Release|Any CPU.Build.0 = Release|Any CPU
		{75A7F5F3-2E65-4F02-B9C1-13DEBF4A8659}.Debug|Any CPU.ActiveCfg = Debug|Any CPU
		{75A7F5F3-2E65-4F02-B9C1-13DEBF4A8659}.Debug|Any CPU.Build.0 = Debug|Any CPU
		{75A7F5F3-2E65-4F02-B9C1-13DEBF4A8659}.Release|Any CPU.ActiveCfg = Release|Any CPU
		{75A7F5F3-2E65-4F02-B9C1-13DEBF4A8659}.Release|Any CPU.Build.0 = Release|Any CPU
	EndGlobalSection
	GlobalSection(SolutionProperties) = preSolution
		HideSolutionNode = FALSE
	EndGlobalSection
	GlobalSection(ExtensibilityGlobals) = postSolution
		SolutionGuid = {CF9CDB70-4A51-4036-97AB-80658BD6F9C6}
	EndGlobalSection
EndGlobal
