
Microsoft Visual Studio Solution File, Format Version 12.00
# Visual Studio Version 16
VisualStudioVersion = 16.0.30011.22
MinimumVisualStudioVersion = 10.0.40219.1
Project("{FAE04EC0-301F-11D3-BF4B-00C04F79EFBC}") = "Entidades", "Entidades\Entidades.csproj", "{D053D35A-55E4-4812-AFD0-C64BF49E2548}"
EndProject
Project("{FAE04EC0-301F-11D3-BF4B-00C04F79EFBC}") = "ProgramEj52", "ProgramEj52\ProgramEj52.csproj", "{F1C36F03-1DA5-4038-AFB2-0AFEC003076C}"
EndProject
Global
	GlobalSection(SolutionConfigurationPlatforms) = preSolution
		Debug|Any CPU = Debug|Any CPU
		Release|Any CPU = Release|Any CPU
	EndGlobalSection
	GlobalSection(ProjectConfigurationPlatforms) = postSolution
		{D053D35A-55E4-4812-AFD0-C64BF49E2548}.Debug|Any CPU.ActiveCfg = Debug|Any CPU
		{D053D35A-55E4-4812-AFD0-C64BF49E2548}.Debug|Any CPU.Build.0 = Debug|Any CPU
		{D053D35A-55E4-4812-AFD0-C64BF49E2548}.Release|Any CPU.ActiveCfg = Release|Any CPU
		{D053D35A-55E4-4812-AFD0-C64BF49E2548}.Release|Any CPU.Build.0 = Release|Any CPU
		{F1C36F03-1DA5-4038-AFB2-0AFEC003076C}.Debug|Any CPU.ActiveCfg = Debug|Any CPU
		{F1C36F03-1DA5-4038-AFB2-0AFEC003076C}.Debug|Any CPU.Build.0 = Debug|Any CPU
		{F1C36F03-1DA5-4038-AFB2-0AFEC003076C}.Release|Any CPU.ActiveCfg = Release|Any CPU
		{F1C36F03-1DA5-4038-AFB2-0AFEC003076C}.Release|Any CPU.Build.0 = Release|Any CPU
	EndGlobalSection
	GlobalSection(SolutionProperties) = preSolution
		HideSolutionNode = FALSE
	EndGlobalSection
	GlobalSection(ExtensibilityGlobals) = postSolution
		SolutionGuid = {77B4125F-2022-425A-801C-BF4AA37094FB}
	EndGlobalSection
EndGlobal
