
Microsoft Visual Studio Solution File, Format Version 12.00
# Visual Studio Version 16
VisualStudioVersion = 16.0.30011.22
MinimumVisualStudioVersion = 10.0.40219.1
Project("{FAE04EC0-301F-11D3-BF4B-00C04F79EFBC}") = "Main", "Main\Main.csproj", "{3800681C-0B1B-44EA-8B39-2933F058E746}"
EndProject
Project("{FAE04EC0-301F-11D3-BF4B-00C04F79EFBC}") = "Biblioteca", "Biblioteca\Biblioteca.csproj", "{E2D87DAE-6BC4-434E-8589-045B84512F91}"
EndProject
Global
	GlobalSection(SolutionConfigurationPlatforms) = preSolution
		Debug|Any CPU = Debug|Any CPU
		Release|Any CPU = Release|Any CPU
	EndGlobalSection
	GlobalSection(ProjectConfigurationPlatforms) = postSolution
		{3800681C-0B1B-44EA-8B39-2933F058E746}.Debug|Any CPU.ActiveCfg = Debug|Any CPU
		{3800681C-0B1B-44EA-8B39-2933F058E746}.Debug|Any CPU.Build.0 = Debug|Any CPU
		{3800681C-0B1B-44EA-8B39-2933F058E746}.Release|Any CPU.ActiveCfg = Release|Any CPU
		{3800681C-0B1B-44EA-8B39-2933F058E746}.Release|Any CPU.Build.0 = Release|Any CPU
		{E2D87DAE-6BC4-434E-8589-045B84512F91}.Debug|Any CPU.ActiveCfg = Debug|Any CPU
		{E2D87DAE-6BC4-434E-8589-045B84512F91}.Debug|Any CPU.Build.0 = Debug|Any CPU
		{E2D87DAE-6BC4-434E-8589-045B84512F91}.Release|Any CPU.ActiveCfg = Release|Any CPU
		{E2D87DAE-6BC4-434E-8589-045B84512F91}.Release|Any CPU.Build.0 = Release|Any CPU
	EndGlobalSection
	GlobalSection(SolutionProperties) = preSolution
		HideSolutionNode = FALSE
	EndGlobalSection
	GlobalSection(ExtensibilityGlobals) = postSolution
		SolutionGuid = {691FB682-9B39-4917-A8FC-56D20ABD5627}
	EndGlobalSection
EndGlobal
